
Microsoft Visual Studio Solution File, Format Version 12.00
# Visual Studio Version 17
VisualStudioVersion = 17.2.32505.173
MinimumVisualStudioVersion = 10.0.40219.1
Project("{FAE04EC0-301F-11D3-BF4B-00C04F79EFBC}") = "TechTask", "TechTask\TechTask.csproj", "{AF23B8F3-FDB0-4D89-99CF-9ADE307CA754}"
EndProject
Global
	GlobalSection(SolutionConfigurationPlatforms) = preSolution
		Debug|Any CPU = Debug|Any CPU
		Release|Any CPU = Release|Any CPU
	EndGlobalSection
	GlobalSection(ProjectConfigurationPlatforms) = postSolution
		{AF23B8F3-FDB0-4D89-99CF-9ADE307CA754}.Debug|Any CPU.ActiveCfg = Debug|Any CPU
		{AF23B8F3-FDB0-4D89-99CF-9ADE307CA754}.Debug|Any CPU.Build.0 = Debug|Any CPU
		{AF23B8F3-FDB0-4D89-99CF-9ADE307CA754}.Release|Any CPU.ActiveCfg = Release|Any CPU
		{AF23B8F3-FDB0-4D89-99CF-9ADE307CA754}.Release|Any CPU.Build.0 = Release|Any CPU
	EndGlobalSection
	GlobalSection(SolutionProperties) = preSolution
		HideSolutionNode = FALSE
	EndGlobalSection
	GlobalSection(ExtensibilityGlobals) = postSolution
		SolutionGuid = {011D4CF1-29A9-4C78-8AD7-394FAB448F34}
	EndGlobalSection
EndGlobal
